
Microsoft Visual Studio Solution File, Format Version 12.00
# Visual Studio 14
VisualStudioVersion = 14.0.23107.0
MinimumVisualStudioVersion = 10.0.40219.1
Project("{FAE04EC0-301F-11D3-BF4B-00C04F79EFBC}") = "SASTokenAPI", "SASTokenAPI\SASTokenAPI.csproj", "{4CB7E71C-9B97-41B8-BF4E-F248948E7A22}"
EndProject
Project("{2150E333-8FDC-42A3-9474-1A3956D46DE8}") = "PublishScripts", "PublishScripts", "{42D45731-48CA-4CB0-92A1-5EDD1A8527C2}"
EndProject
Project("{2150E333-8FDC-42A3-9474-1A3956D46DE8}") = "Scripts", "Scripts", "{E2B03FC3-4DD7-4402-B85E-750EA6719004}"
	ProjectSection(SolutionItems) = preProject
		PublishScripts\Scripts\Deploy-AzureResourceGroup.ps1 = PublishScripts\Scripts\Deploy-AzureResourceGroup.ps1
	EndProjectSection
EndProject
Project("{2150E333-8FDC-42A3-9474-1A3956D46DE8}") = "Templates", "Templates", "{AD7B8F38-CCB2-4EC5-BD3B-EFC0E3040519}"
	ProjectSection(SolutionItems) = preProject
		PublishScripts\Templates\SASTokenAPI.json = PublishScripts\Templates\SASTokenAPI.json
		PublishScripts\Templates\SASTokenAPI.param.dev.json = PublishScripts\Templates\SASTokenAPI.param.dev.json
	EndProjectSection
EndProject
Project("{FAE04EC0-301F-11D3-BF4B-00C04F79EFBC}") = "TokenConsoleClient", "TokenClient\TokenConsoleClient.csproj", "{4A535040-C1A7-4C06-B999-22783BFD4C67}"
EndProject
Project("{FAE04EC0-301F-11D3-BF4B-00C04F79EFBC}") = "TokenUniversalClient", "TokenUniversalClient\TokenUniversalClient.csproj", "{E126596F-0CA2-47DC-BD81-726E3D19C6B5}"
EndProject
Global
	GlobalSection(SolutionConfigurationPlatforms) = preSolution
		Debug|Any CPU = Debug|Any CPU
		Debug|ARM = Debug|ARM
		Debug|x64 = Debug|x64
		Debug|x86 = Debug|x86
		Release|Any CPU = Release|Any CPU
		Release|ARM = Release|ARM
		Release|x64 = Release|x64
		Release|x86 = Release|x86
	EndGlobalSection
	GlobalSection(ProjectConfigurationPlatforms) = postSolution
		{4CB7E71C-9B97-41B8-BF4E-F248948E7A22}.Debug|Any CPU.ActiveCfg = Debug|Any CPU
		{4CB7E71C-9B97-41B8-BF4E-F248948E7A22}.Debug|Any CPU.Build.0 = Debug|Any CPU
		{4CB7E71C-9B97-41B8-BF4E-F248948E7A22}.Debug|ARM.ActiveCfg = Debug|Any CPU
		{4CB7E71C-9B97-41B8-BF4E-F248948E7A22}.Debug|ARM.Build.0 = Debug|Any CPU
		{4CB7E71C-9B97-41B8-BF4E-F248948E7A22}.Debug|x64.ActiveCfg = Debug|Any CPU
		{4CB7E71C-9B97-41B8-BF4E-F248948E7A22}.Debug|x64.Build.0 = Debug|Any CPU
		{4CB7E71C-9B97-41B8-BF4E-F248948E7A22}.Debug|x86.ActiveCfg = Debug|Any CPU
		{4CB7E71C-9B97-41B8-BF4E-F248948E7A22}.Debug|x86.Build.0 = Debug|Any CPU
		{4CB7E71C-9B97-41B8-BF4E-F248948E7A22}.Release|Any CPU.ActiveCfg = Release|Any CPU
		{4CB7E71C-9B97-41B8-BF4E-F248948E7A22}.Release|Any CPU.Build.0 = Release|Any CPU
		{4CB7E71C-9B97-41B8-BF4E-F248948E7A22}.Release|ARM.ActiveCfg = Release|Any CPU
		{4CB7E71C-9B97-41B8-BF4E-F248948E7A22}.Release|ARM.Build.0 = Release|Any CPU
		{4CB7E71C-9B97-41B8-BF4E-F248948E7A22}.Release|x64.ActiveCfg = Release|Any CPU
		{4CB7E71C-9B97-41B8-BF4E-F248948E7A22}.Release|x64.Build.0 = Release|Any CPU
		{4CB7E71C-9B97-41B8-BF4E-F248948E7A22}.Release|x86.ActiveCfg = Release|Any CPU
		{4CB7E71C-9B97-41B8-BF4E-F248948E7A22}.Release|x86.Build.0 = Release|Any CPU
		{4A535040-C1A7-4C06-B999-22783BFD4C67}.Debug|Any CPU.ActiveCfg = Debug|Any CPU
		{4A535040-C1A7-4C06-B999-22783BFD4C67}.Debug|Any CPU.Build.0 = Debug|Any CPU
		{4A535040-C1A7-4C06-B999-22783BFD4C67}.Debug|ARM.ActiveCfg = Debug|Any CPU
		{4A535040-C1A7-4C06-B999-22783BFD4C67}.Debug|ARM.Build.0 = Debug|Any CPU
		{4A535040-C1A7-4C06-B999-22783BFD4C67}.Debug|x64.ActiveCfg = Debug|Any CPU
		{4A535040-C1A7-4C06-B999-22783BFD4C67}.Debug|x64.Build.0 = Debug|Any CPU
		{4A535040-C1A7-4C06-B999-22783BFD4C67}.Debug|x86.ActiveCfg = Debug|Any CPU
		{4A535040-C1A7-4C06-B999-22783BFD4C67}.Debug|x86.Build.0 = Debug|Any CPU
		{4A535040-C1A7-4C06-B999-22783BFD4C67}.Release|Any CPU.ActiveCfg = Release|Any CPU
		{4A535040-C1A7-4C06-B999-22783BFD4C67}.Release|Any CPU.Build.0 = Release|Any CPU
		{4A535040-C1A7-4C06-B999-22783BFD4C67}.Release|ARM.ActiveCfg = Release|Any CPU
		{4A535040-C1A7-4C06-B999-22783BFD4C67}.Release|ARM.Build.0 = Release|Any CPU
		{4A535040-C1A7-4C06-B999-22783BFD4C67}.Release|x64.ActiveCfg = Release|Any CPU
		{4A535040-C1A7-4C06-B999-22783BFD4C67}.Release|x64.Build.0 = Release|Any CPU
		{4A535040-C1A7-4C06-B999-22783BFD4C67}.Release|x86.ActiveCfg = Release|Any CPU
		{4A535040-C1A7-4C06-B999-22783BFD4C67}.Release|x86.Build.0 = Release|Any CPU
		{E126596F-0CA2-47DC-BD81-726E3D19C6B5}.Debug|Any CPU.ActiveCfg = Debug|x86
		{E126596F-0CA2-47DC-BD81-726E3D19C6B5}.Debug|ARM.ActiveCfg = Debug|ARM
		{E126596F-0CA2-47DC-BD81-726E3D19C6B5}.Debug|ARM.Build.0 = Debug|ARM
		{E126596F-0CA2-47DC-BD81-726E3D19C6B5}.Debug|ARM.Deploy.0 = Debug|ARM
		{E126596F-0CA2-47DC-BD81-726E3D19C6B5}.Debug|x64.ActiveCfg = Debug|x64
		{E126596F-0CA2-47DC-BD81-726E3D19C6B5}.Debug|x64.Build.0 = Debug|x64
		{E126596F-0CA2-47DC-BD81-726E3D19C6B5}.Debug|x64.Deploy.0 = Debug|x64
		{E126596F-0CA2-47DC-BD81-726E3D19C6B5}.Debug|x86.ActiveCfg = Debug|x86
		{E126596F-0CA2-47DC-BD81-726E3D19C6B5}.Debug|x86.Build.0 = Debug|x86
		{E126596F-0CA2-47DC-BD81-726E3D19C6B5}.Debug|x86.Deploy.0 = Debug|x86
		{E126596F-0CA2-47DC-BD81-726E3D19C6B5}.Release|Any CPU.ActiveCfg = Release|x86
		{E126596F-0CA2-47DC-BD81-726E3D19C6B5}.Release|ARM.ActiveCfg = Release|ARM
		{E126596F-0CA2-47DC-BD81-726E3D19C6B5}.Release|ARM.Build.0 = Release|ARM
		{E126596F-0CA2-47DC-BD81-726E3D19C6B5}.Release|ARM.Deploy.0 = Release|ARM
		{E126596F-0CA2-47DC-BD81-726E3D19C6B5}.Release|x64.ActiveCfg = Release|x64
		{E126596F-0CA2-47DC-BD81-726E3D19C6B5}.Release|x64.Build.0 = Release|x64
		{E126596F-0CA2-47DC-BD81-726E3D19C6B5}.Release|x64.Deploy.0 = Release|x64
		{E126596F-0CA2-47DC-BD81-726E3D19C6B5}.Release|x86.ActiveCfg = Release|x86
		{E126596F-0CA2-47DC-BD81-726E3D19C6B5}.Release|x86.Build.0 = Release|x86
		{E126596F-0CA2-47DC-BD81-726E3D19C6B5}.Release|x86.Deploy.0 = Release|x86
	EndGlobalSection
	GlobalSection(SolutionProperties) = preSolution
		HideSolutionNode = FALSE
	EndGlobalSection
	GlobalSection(NestedProjects) = preSolution
		{E2B03FC3-4DD7-4402-B85E-750EA6719004} = {42D45731-48CA-4CB0-92A1-5EDD1A8527C2}
		{AD7B8F38-CCB2-4EC5-BD3B-EFC0E3040519} = {42D45731-48CA-4CB0-92A1-5EDD1A8527C2}
	EndGlobalSection
EndGlobal
